
Microsoft Visual Studio Solution File, Format Version 12.00
# Visual Studio 2013
VisualStudioVersion = 12.0.31101.0
MinimumVisualStudioVersion = 10.0.40219.1
Project("{FAE04EC0-301F-11D3-BF4B-00C04F79EFBC}") = "OcrPoc", "OcrPoc\OcrPoc.csproj", "{71577915-4C8C-44C1-88D3-5A744E3D38CE}"
EndProject
Global
	GlobalSection(SolutionConfigurationPlatforms) = preSolution
		Debug|Any CPU = Debug|Any CPU
		Release|Any CPU = Release|Any CPU
	EndGlobalSection
	GlobalSection(ProjectConfigurationPlatforms) = postSolution
		{71577915-4C8C-44C1-88D3-5A744E3D38CE}.Debug|Any CPU.ActiveCfg = Debug|Any CPU
		{71577915-4C8C-44C1-88D3-5A744E3D38CE}.Debug|Any CPU.Build.0 = Debug|Any CPU
		{71577915-4C8C-44C1-88D3-5A744E3D38CE}.Release|Any CPU.ActiveCfg = Release|Any CPU
		{71577915-4C8C-44C1-88D3-5A744E3D38CE}.Release|Any CPU.Build.0 = Release|Any CPU
	EndGlobalSection
	GlobalSection(SolutionProperties) = preSolution
		HideSolutionNode = FALSE
	EndGlobalSection
EndGlobal
